
Microsoft Visual Studio Solution File, Format Version 12.00
# Visual Studio 14
VisualStudioVersion = 14.0.22823.1
MinimumVisualStudioVersion = 10.0.40219.1
Project("{FAE04EC0-301F-11D3-BF4B-00C04F79EFBC}") = "P001DS002T", "P001DS002T\P001DS002T.csproj", "{379A31A5-846F-44B5-98C5-8941924943CF}"
EndProject
Project("{FAE04EC0-301F-11D3-BF4B-00C04F79EFBC}") = "nVLC.Declarations", "Declarations\nVLC.Declarations.csproj", "{819C4BAB-8FD0-463F-BB5F-119731840390}"
EndProject
Project("{FAE04EC0-301F-11D3-BF4B-00C04F79EFBC}") = "nVLC.Implementation", "Implementation\nVLC.Implementation.csproj", "{6BA02CCA-2E14-4A64-8AB6-594E600D80C9}"
EndProject
Project("{FAE04EC0-301F-11D3-BF4B-00C04F79EFBC}") = "nVLC.LibVlcWrapper", "LibVlcWrapper\nVLC.LibVlcWrapper.csproj", "{57F08087-B175-4C96-BE36-83FBC4A21065}"
EndProject
Project("{FAE04EC0-301F-11D3-BF4B-00C04F79EFBC}") = "nVLC_Demo_WPF", "nVLC_Demo_WPF\nVLC_Demo_WPF.csproj", "{8E31BADE-4306-41E9-A669-5DAAB98482D2}"
EndProject
Global
	GlobalSection(SolutionConfigurationPlatforms) = preSolution
		Debug|Any CPU = Debug|Any CPU
		Debug|x86 = Debug|x86
		Release|Any CPU = Release|Any CPU
		Release|x86 = Release|x86
	EndGlobalSection
	GlobalSection(ProjectConfigurationPlatforms) = postSolution
		{379A31A5-846F-44B5-98C5-8941924943CF}.Debug|Any CPU.ActiveCfg = Debug|Any CPU
		{379A31A5-846F-44B5-98C5-8941924943CF}.Debug|Any CPU.Build.0 = Debug|Any CPU
		{379A31A5-846F-44B5-98C5-8941924943CF}.Debug|x86.ActiveCfg = Debug|Any CPU
		{379A31A5-846F-44B5-98C5-8941924943CF}.Debug|x86.Build.0 = Debug|Any CPU
		{379A31A5-846F-44B5-98C5-8941924943CF}.Release|Any CPU.ActiveCfg = Release|Any CPU
		{379A31A5-846F-44B5-98C5-8941924943CF}.Release|Any CPU.Build.0 = Release|Any CPU
		{379A31A5-846F-44B5-98C5-8941924943CF}.Release|x86.ActiveCfg = Release|Any CPU
		{379A31A5-846F-44B5-98C5-8941924943CF}.Release|x86.Build.0 = Release|Any CPU
		{819C4BAB-8FD0-463F-BB5F-119731840390}.Debug|Any CPU.ActiveCfg = Debug|Any CPU
		{819C4BAB-8FD0-463F-BB5F-119731840390}.Debug|Any CPU.Build.0 = Debug|Any CPU
		{819C4BAB-8FD0-463F-BB5F-119731840390}.Debug|x86.ActiveCfg = Debug|x86
		{819C4BAB-8FD0-463F-BB5F-119731840390}.Debug|x86.Build.0 = Debug|x86
		{819C4BAB-8FD0-463F-BB5F-119731840390}.Release|Any CPU.ActiveCfg = Release|Any CPU
		{819C4BAB-8FD0-463F-BB5F-119731840390}.Release|Any CPU.Build.0 = Release|Any CPU
		{819C4BAB-8FD0-463F-BB5F-119731840390}.Release|x86.ActiveCfg = Release|x86
		{819C4BAB-8FD0-463F-BB5F-119731840390}.Release|x86.Build.0 = Release|x86
		{6BA02CCA-2E14-4A64-8AB6-594E600D80C9}.Debug|Any CPU.ActiveCfg = Debug|Any CPU
		{6BA02CCA-2E14-4A64-8AB6-594E600D80C9}.Debug|Any CPU.Build.0 = Debug|Any CPU
		{6BA02CCA-2E14-4A64-8AB6-594E600D80C9}.Debug|x86.ActiveCfg = Debug|x86
		{6BA02CCA-2E14-4A64-8AB6-594E600D80C9}.Debug|x86.Build.0 = Debug|x86
		{6BA02CCA-2E14-4A64-8AB6-594E600D80C9}.Release|Any CPU.ActiveCfg = Release|Any CPU
		{6BA02CCA-2E14-4A64-8AB6-594E600D80C9}.Release|Any CPU.Build.0 = Release|Any CPU
		{6BA02CCA-2E14-4A64-8AB6-594E600D80C9}.Release|x86.ActiveCfg = Release|x86
		{6BA02CCA-2E14-4A64-8AB6-594E600D80C9}.Release|x86.Build.0 = Release|x86
		{57F08087-B175-4C96-BE36-83FBC4A21065}.Debug|Any CPU.ActiveCfg = Debug|Any CPU
		{57F08087-B175-4C96-BE36-83FBC4A21065}.Debug|Any CPU.Build.0 = Debug|Any CPU
		{57F08087-B175-4C96-BE36-83FBC4A21065}.Debug|x86.ActiveCfg = Debug|x86
		{57F08087-B175-4C96-BE36-83FBC4A21065}.Debug|x86.Build.0 = Debug|x86
		{57F08087-B175-4C96-BE36-83FBC4A21065}.Release|Any CPU.ActiveCfg = Release|Any CPU
		{57F08087-B175-4C96-BE36-83FBC4A21065}.Release|Any CPU.Build.0 = Release|Any CPU
		{57F08087-B175-4C96-BE36-83FBC4A21065}.Release|x86.ActiveCfg = Release|x86
		{57F08087-B175-4C96-BE36-83FBC4A21065}.Release|x86.Build.0 = Release|x86
		{8E31BADE-4306-41E9-A669-5DAAB98482D2}.Debug|Any CPU.ActiveCfg = Debug|Any CPU
		{8E31BADE-4306-41E9-A669-5DAAB98482D2}.Debug|Any CPU.Build.0 = Debug|Any CPU
		{8E31BADE-4306-41E9-A669-5DAAB98482D2}.Debug|x86.ActiveCfg = Debug|x86
		{8E31BADE-4306-41E9-A669-5DAAB98482D2}.Debug|x86.Build.0 = Debug|x86
		{8E31BADE-4306-41E9-A669-5DAAB98482D2}.Release|Any CPU.ActiveCfg = Release|Any CPU
		{8E31BADE-4306-41E9-A669-5DAAB98482D2}.Release|Any CPU.Build.0 = Release|Any CPU
		{8E31BADE-4306-41E9-A669-5DAAB98482D2}.Release|x86.ActiveCfg = Release|x86
		{8E31BADE-4306-41E9-A669-5DAAB98482D2}.Release|x86.Build.0 = Release|x86
	EndGlobalSection
	GlobalSection(SolutionProperties) = preSolution
		HideSolutionNode = FALSE
	EndGlobalSection
EndGlobal
